
Microsoft Visual Studio Solution File, Format Version 12.00
# Visual Studio Version 16
VisualStudioVersion = 16.0.30104.148
MinimumVisualStudioVersion = 10.0.40219.1
Project("{2150E333-8FDC-42A3-9474-1A3956D46DE8}") = "Microservices", "Microservices", "{80C4D574-C33C-4150-B8EF-0125584626B9}"
EndProject
Project("{2150E333-8FDC-42A3-9474-1A3956D46DE8}") = "Gateway", "Gateway", "{C611A98D-D517-4589-B287-936EACA32823}"
EndProject
Project("{2150E333-8FDC-42A3-9474-1A3956D46DE8}") = "Framework", "Framework", "{D44BEC33-4761-4F77-899E-DB4E1E1738BD}"
EndProject
Project("{2150E333-8FDC-42A3-9474-1A3956D46DE8}") = "Utils", "Utils", "{B0224C96-6F1F-462B-B52A-515B8F0FCAF3}"
EndProject
Project("{9A19103F-16F7-4668-BE54-9A1E7A4F7556}") = "Math.ApiGateway", "Math.ApiGateway\Math.ApiGateway.csproj", "{557B230E-F1BC-4066-A3F9-FCAED982A7FB}"
EndProject
Project("{9A19103F-16F7-4668-BE54-9A1E7A4F7556}") = "Math.Operation.Api", "Math.Operation.Api\Math.Operation.Api.csproj", "{1BF84A92-2C56-48F6-A75A-2CDA0E77A162}"
EndProject
Project("{9A19103F-16F7-4668-BE54-9A1E7A4F7556}") = "Math.Persistance.Api", "Math.Persistance.Api\Math.Persistance.Api.csproj", "{7DB4EB16-B308-43CD-9CD5-AF7BD7F7AF7D}"
EndProject
Project("{9A19103F-16F7-4668-BE54-9A1E7A4F7556}") = "Math.RabbitMQ", "Math.RabbitMQ\Math.RabbitMQ.csproj", "{1581F892-FA17-4020-95AF-2E7ED407C5BD}"
EndProject
Project("{9A19103F-16F7-4668-BE54-9A1E7A4F7556}") = "Math.Api.Base", "Math.Api.Base\Math.Api.Base.csproj", "{88E9B38E-0BE2-4070-B19B-C207D3B3D26E}"
EndProject
Project("{2150E333-8FDC-42A3-9474-1A3956D46DE8}") = "Infrastructure", "Infrastructure", "{FE7F912D-A370-4518-808C-9960E7FD2070}"
EndProject
Project("{9A19103F-16F7-4668-BE54-9A1E7A4F7556}") = "Math.Consul", "Math.Consul\Math.Consul.csproj", "{DBDC9CF0-0B4B-4BA7-873F-4A90C7FA0A05}"
EndProject
Project("{2150E333-8FDC-42A3-9474-1A3956D46DE8}") = "Solution Items", "Solution Items", "{53AA280B-E370-47A1-9D2D-4B81F024AFE5}"
	ProjectSection(SolutionItems) = preProject
		Readme.md = Readme.md
	EndProjectSection
EndProject
Project("{2150E333-8FDC-42A3-9474-1A3956D46DE8}") = "Images", "Images", "{0883B585-48DD-4B23-A55C-4DA866141C79}"
	ProjectSection(SolutionItems) = preProject
		..\Images\BE.png = ..\Images\BE.png
		..\Images\deploy.png = ..\Images\deploy.png
		..\Images\HLL.png = ..\Images\HLL.png
		..\Images\infra.png = ..\Images\infra.png
	EndProjectSection
EndProject
Global
	GlobalSection(SolutionConfigurationPlatforms) = preSolution
		Debug|Any CPU = Debug|Any CPU
		Release|Any CPU = Release|Any CPU
	EndGlobalSection
	GlobalSection(ProjectConfigurationPlatforms) = postSolution
		{557B230E-F1BC-4066-A3F9-FCAED982A7FB}.Debug|Any CPU.ActiveCfg = Debug|Any CPU
		{557B230E-F1BC-4066-A3F9-FCAED982A7FB}.Debug|Any CPU.Build.0 = Debug|Any CPU
		{557B230E-F1BC-4066-A3F9-FCAED982A7FB}.Release|Any CPU.ActiveCfg = Release|Any CPU
		{557B230E-F1BC-4066-A3F9-FCAED982A7FB}.Release|Any CPU.Build.0 = Release|Any CPU
		{1BF84A92-2C56-48F6-A75A-2CDA0E77A162}.Debug|Any CPU.ActiveCfg = Debug|Any CPU
		{1BF84A92-2C56-48F6-A75A-2CDA0E77A162}.Debug|Any CPU.Build.0 = Debug|Any CPU
		{1BF84A92-2C56-48F6-A75A-2CDA0E77A162}.Release|Any CPU.ActiveCfg = Release|Any CPU
		{1BF84A92-2C56-48F6-A75A-2CDA0E77A162}.Release|Any CPU.Build.0 = Release|Any CPU
		{7DB4EB16-B308-43CD-9CD5-AF7BD7F7AF7D}.Debug|Any CPU.ActiveCfg = Debug|Any CPU
		{7DB4EB16-B308-43CD-9CD5-AF7BD7F7AF7D}.Debug|Any CPU.Build.0 = Debug|Any CPU
		{7DB4EB16-B308-43CD-9CD5-AF7BD7F7AF7D}.Release|Any CPU.ActiveCfg = Release|Any CPU
		{7DB4EB16-B308-43CD-9CD5-AF7BD7F7AF7D}.Release|Any CPU.Build.0 = Release|Any CPU
		{1581F892-FA17-4020-95AF-2E7ED407C5BD}.Debug|Any CPU.ActiveCfg = Debug|Any CPU
		{1581F892-FA17-4020-95AF-2E7ED407C5BD}.Debug|Any CPU.Build.0 = Debug|Any CPU
		{1581F892-FA17-4020-95AF-2E7ED407C5BD}.Release|Any CPU.ActiveCfg = Release|Any CPU
		{1581F892-FA17-4020-95AF-2E7ED407C5BD}.Release|Any CPU.Build.0 = Release|Any CPU
		{88E9B38E-0BE2-4070-B19B-C207D3B3D26E}.Debug|Any CPU.ActiveCfg = Debug|Any CPU
		{88E9B38E-0BE2-4070-B19B-C207D3B3D26E}.Debug|Any CPU.Build.0 = Debug|Any CPU
		{88E9B38E-0BE2-4070-B19B-C207D3B3D26E}.Release|Any CPU.ActiveCfg = Release|Any CPU
		{88E9B38E-0BE2-4070-B19B-C207D3B3D26E}.Release|Any CPU.Build.0 = Release|Any CPU
		{DBDC9CF0-0B4B-4BA7-873F-4A90C7FA0A05}.Debug|Any CPU.ActiveCfg = Debug|Any CPU
		{DBDC9CF0-0B4B-4BA7-873F-4A90C7FA0A05}.Debug|Any CPU.Build.0 = Debug|Any CPU
		{DBDC9CF0-0B4B-4BA7-873F-4A90C7FA0A05}.Release|Any CPU.ActiveCfg = Release|Any CPU
		{DBDC9CF0-0B4B-4BA7-873F-4A90C7FA0A05}.Release|Any CPU.Build.0 = Release|Any CPU
	EndGlobalSection
	GlobalSection(SolutionProperties) = preSolution
		HideSolutionNode = FALSE
	EndGlobalSection
	GlobalSection(NestedProjects) = preSolution
		{557B230E-F1BC-4066-A3F9-FCAED982A7FB} = {C611A98D-D517-4589-B287-936EACA32823}
		{1BF84A92-2C56-48F6-A75A-2CDA0E77A162} = {80C4D574-C33C-4150-B8EF-0125584626B9}
		{7DB4EB16-B308-43CD-9CD5-AF7BD7F7AF7D} = {80C4D574-C33C-4150-B8EF-0125584626B9}
		{1581F892-FA17-4020-95AF-2E7ED407C5BD} = {FE7F912D-A370-4518-808C-9960E7FD2070}
		{88E9B38E-0BE2-4070-B19B-C207D3B3D26E} = {D44BEC33-4761-4F77-899E-DB4E1E1738BD}
		{DBDC9CF0-0B4B-4BA7-873F-4A90C7FA0A05} = {FE7F912D-A370-4518-808C-9960E7FD2070}
		{0883B585-48DD-4B23-A55C-4DA866141C79} = {53AA280B-E370-47A1-9D2D-4B81F024AFE5}
	EndGlobalSection
	GlobalSection(ExtensibilityGlobals) = postSolution
		SolutionGuid = {F7F28E5D-6AA8-4276-A0BD-E2E73F0554D0}
	EndGlobalSection
EndGlobal
